
Microsoft Visual Studio Solution File, Format Version 12.00
# Visual Studio Version 17
VisualStudioVersion = 17.3.32929.385
MinimumVisualStudioVersion = 10.0.40219.1
Project("{FAE04EC0-301F-11D3-BF4B-00C04F79EFBC}") = "TwitterApp", "TwitterApp\TwitterApp.csproj", "{FAA183D3-CCE3-4ED6-9774-744729F799BC}"
EndProject
Global
	GlobalSection(SolutionConfigurationPlatforms) = preSolution
		Debug|Any CPU = Debug|Any CPU
		Release|Any CPU = Release|Any CPU
	EndGlobalSection
	GlobalSection(ProjectConfigurationPlatforms) = postSolution
		{FAA183D3-CCE3-4ED6-9774-744729F799BC}.Debug|Any CPU.ActiveCfg = Debug|Any CPU
		{FAA183D3-CCE3-4ED6-9774-744729F799BC}.Debug|Any CPU.Build.0 = Debug|Any CPU
		{FAA183D3-CCE3-4ED6-9774-744729F799BC}.Release|Any CPU.ActiveCfg = Release|Any CPU
		{FAA183D3-CCE3-4ED6-9774-744729F799BC}.Release|Any CPU.Build.0 = Release|Any CPU
	EndGlobalSection
	GlobalSection(SolutionProperties) = preSolution
		HideSolutionNode = FALSE
	EndGlobalSection
	GlobalSection(ExtensibilityGlobals) = postSolution
		SolutionGuid = {03CFA4BF-DB72-4128-B530-86E4FDF7687E}
	EndGlobalSection
EndGlobal
